{
  "name": "@phased/phase",
  "version": "0.2.0",
  "lockfileVersion": 1,
  "requires": true,
  "dependencies": {
    "@phased/laravel-mix": {
      "version": "0.2.0",
      "resolved": "https://registry.npmjs.org/@phased/laravel-mix/-/laravel-mix-0.2.0.tgz",
      "integrity": "sha512-n4Htk6Dlf5qw04D9X782Xw+0pth1M+F9Nn0DSvCzDDH40bSONh5prYMaGIPzx0Mw/rpPh8XMSvyAWPZpd0ZaVQ==",
      "requires": {
        "@phased/routing": "^0.2.0",
        "@phased/webpack-plugin": "^0.2.0"
      }
    },
    "@phased/routing": {
      "version": "0.2.0",
      "resolved": "https://registry.npmjs.org/@phased/routing/-/routing-0.2.0.tgz",
      "integrity": "sha512-/8IsGs5rgMp4fo9b7Mj13VohdBUkam5+i0LoVE4+1Zn2TsQAVQpeDEXuyy0G5dPYqUfKU9D7YfDBzfPPQ+BGSA==",
      "requires": {
        "lodash.merge": "^4.6.2",
        "prettier": "^1.19.1"
      }
    },
    "@phased/state": {
      "version": "0.2.0",
      "resolved": "https://registry.npmjs.org/@phased/state/-/state-0.2.0.tgz",
      "integrity": "sha512-yggnbm6RpPAbKBrMwFJuTFxHVkAJuQHeeJF+764sOssS1UoE2Rz01oh0NbyBC5At3Si47j9OxF4aSkhMTRb7MA==",
      "requires": {
        "axios": "^0.19.2"
      }
    },
    "@phased/types": {
      "version": "0.2.0",
      "resolved": "https://registry.npmjs.org/@phased/types/-/types-0.2.0.tgz",
      "integrity": "sha512-s3HcfzL56Fg0ykKaUghGktEAjSHQmzmfteKuULxR843f8wxotKNfuDXOV4eymD640NiNjbHp4eBlOKW+fi3EGA==",
      "dev": true,
      "requires": {
        "@types/webpack": "^4.41.3",
        "axios": "^0.19.2"
      }
    },
    "@phased/webpack-plugin": {
      "version": "0.2.0",
      "resolved": "https://registry.npmjs.org/@phased/webpack-plugin/-/webpack-plugin-0.2.0.tgz",
      "integrity": "sha512-JRnrIqfgFUdtu0HEJw9iNRuaqN3Btr7NF5wpfDCldrxFm8tP0DXXesr+hpxqc0nqcCAahiDVZvx+w4uiLWnqIg==",
      "requires": {
        "@phased/routing": "^0.2.0"
      }
    },
    "@types/anymatch": {
      "version": "1.3.1",
      "resolved": "https://registry.npmjs.org/@types/anymatch/-/anymatch-1.3.1.tgz",
      "integrity": "sha512-/+CRPXpBDpo2RK9C68N3b2cOvO0Cf5B9aPijHsoDQTHivnGSObdOF2BRQOYjojWTDy6nQvMjmqRXIxH55VjxxA==",
      "dev": true
    },
    "@types/node": {
      "version": "13.9.0",
      "resolved": "https://registry.npmjs.org/@types/node/-/node-13.9.0.tgz",
      "integrity": "sha512-0ARSQootUG1RljH2HncpsY2TJBfGQIKOOi7kxzUY6z54ePu/ZD+wJA8zI2Q6v8rol2qpG/rvqsReco8zNMPvhQ==",
      "dev": true
    },
    "@types/source-list-map": {
      "version": "0.1.2",
      "resolved": "https://registry.npmjs.org/@types/source-list-map/-/source-list-map-0.1.2.tgz",
      "integrity": "sha512-K5K+yml8LTo9bWJI/rECfIPrGgxdpeNbj+d53lwN4QjW1MCwlkhUms+gtdzigTeUyBr09+u8BwOIY3MXvHdcsA==",
      "dev": true
    },
    "@types/tapable": {
      "version": "1.0.5",
      "resolved": "https://registry.npmjs.org/@types/tapable/-/tapable-1.0.5.tgz",
      "integrity": "sha512-/gG2M/Imw7cQFp8PGvz/SwocNrmKFjFsm5Pb8HdbHkZ1K8pmuPzOX4VeVoiEecFCVf4CsN1r3/BRvx+6sNqwtQ==",
      "dev": true
    },
    "@types/uglify-js": {
      "version": "3.0.4",
      "resolved": "https://registry.npmjs.org/@types/uglify-js/-/uglify-js-3.0.4.tgz",
      "integrity": "sha512-SudIN9TRJ+v8g5pTG8RRCqfqTMNqgWCKKd3vtynhGzkIIjxaicNAMuY5TRadJ6tzDu3Dotf3ngaMILtmOdmWEQ==",
      "dev": true,
      "requires": {
        "source-map": "^0.6.1"
      }
    },
    "@types/webpack": {
      "version": "4.41.7",
      "resolved": "https://registry.npmjs.org/@types/webpack/-/webpack-4.41.7.tgz",
      "integrity": "sha512-OQG9viYwO0V1NaNV7d0n79V+n6mjOV30CwgFPIfTzwmk8DHbt+C4f2aBGdCYbo3yFyYD6sjXfqqOjwkl1j+ulA==",
      "dev": true,
      "requires": {
        "@types/anymatch": "*",
        "@types/node": "*",
        "@types/tapable": "*",
        "@types/uglify-js": "*",
        "@types/webpack-sources": "*",
        "source-map": "^0.6.0"
      }
    },
    "@types/webpack-sources": {
      "version": "0.1.6",
      "resolved": "https://registry.npmjs.org/@types/webpack-sources/-/webpack-sources-0.1.6.tgz",
      "integrity": "sha512-FtAWR7wR5ocJ9+nP137DV81tveD/ZgB1sadnJ/axUGM3BUVfRPx8oQNMtv3JNfTeHx3VP7cXiyfR/jmtEsVHsQ==",
      "dev": true,
      "requires": {
        "@types/node": "*",
        "@types/source-list-map": "*",
        "source-map": "^0.6.1"
      }
    },
    "axios": {
      "version": "0.19.2",
      "resolved": "https://registry.npmjs.org/axios/-/axios-0.19.2.tgz",
      "integrity": "sha512-fjgm5MvRHLhx+osE2xoekY70AhARk3a6hkN+3Io1jc00jtquGvxYlKlsFUhmUET0V5te6CcZI7lcv2Ym61mjHA==",
      "requires": {
        "follow-redirects": "1.5.10"
      }
    },
    "debug": {
      "version": "3.1.0",
      "resolved": "https://registry.npmjs.org/debug/-/debug-3.1.0.tgz",
      "integrity": "sha512-OX8XqP7/1a9cqkxYw2yXss15f26NKWBpDXQd0/uK/KPqdQhxbPa994hnzjcE2VqQpDslf55723cKPUOGSmMY3g==",
      "requires": {
        "ms": "2.0.0"
      }
    },
    "follow-redirects": {
      "version": "1.5.10",
      "resolved": "https://registry.npmjs.org/follow-redirects/-/follow-redirects-1.5.10.tgz",
      "integrity": "sha512-0V5l4Cizzvqt5D44aTXbFZz+FtyXV1vrDN6qrelxtfYQKW0KO0W2T/hkE8xvGa/540LkZlkaUjO4ailYTFtHVQ==",
      "requires": {
        "debug": "=3.1.0"
      }
    },
    "lodash.merge": {
      "version": "4.6.2",
      "resolved": "https://registry.npmjs.org/lodash.merge/-/lodash.merge-4.6.2.tgz",
      "integrity": "sha512-0KpjqXRVvrYyCsX1swR/XTK0va6VQkQM6MNo7PqW77ByjAhoARA8EfrP1N4+KlKj8YS0ZUCtRT/YUuhyYDujIQ=="
    },
    "ms": {
      "version": "2.0.0",
      "resolved": "https://registry.npmjs.org/ms/-/ms-2.0.0.tgz",
      "integrity": "sha1-VgiurfwAvmwpAd9fmGF4jeDVl8g="
    },
    "prettier": {
      "version": "1.19.1",
      "resolved": "https://registry.npmjs.org/prettier/-/prettier-1.19.1.tgz",
      "integrity": "sha512-s7PoyDv/II1ObgQunCbB9PdLmUcBZcnWOcxDh7O0N/UwDEsHyqkW+Qh28jW+mVuCdx7gLB0BotYI1Y6uI9iyew=="
    },
    "source-map": {
      "version": "0.6.1",
      "resolved": "https://registry.npmjs.org/source-map/-/source-map-0.6.1.tgz",
      "integrity": "sha512-UjgapumWlbMhkBgzT7Ykc5YXUT46F0iKu8SGXq0bcwP5dz/h0Plj6enJqjz1Zbq2l5WaqYnrVbwWOWMyF3F47g==",
      "dev": true
    }
  }
}
